
Microsoft Visual Studio Solution File, Format Version 12.00
# Visual Studio Version 17
VisualStudioVersion = 17.8.34316.72
MinimumVisualStudioVersion = 10.0.40219.1
Project("{FAE04EC0-301F-11D3-BF4B-00C04F79EFBC}") = "todolist", "todolist\todolist.csproj", "{CFB91289-231E-4A17-9CEB-64D15DAA0A84}"
EndProject
Global
	GlobalSection(SolutionConfigurationPlatforms) = preSolution
		Debug|Any CPU = Debug|Any CPU
		Release|Any CPU = Release|Any CPU
	EndGlobalSection
	GlobalSection(ProjectConfigurationPlatforms) = postSolution
		{CFB91289-231E-4A17-9CEB-64D15DAA0A84}.Debug|Any CPU.ActiveCfg = Debug|Any CPU
		{CFB91289-231E-4A17-9CEB-64D15DAA0A84}.Debug|Any CPU.Build.0 = Debug|Any CPU
		{CFB91289-231E-4A17-9CEB-64D15DAA0A84}.Release|Any CPU.ActiveCfg = Release|Any CPU
		{CFB91289-231E-4A17-9CEB-64D15DAA0A84}.Release|Any CPU.Build.0 = Release|Any CPU
	EndGlobalSection
	GlobalSection(SolutionProperties) = preSolution
		HideSolutionNode = FALSE
	EndGlobalSection
	GlobalSection(ExtensibilityGlobals) = postSolution
		SolutionGuid = {8B049E54-EB26-4522-A48B-51122EE17E9D}
	EndGlobalSection
EndGlobal
